// !$*UTF8*$!
{
	archiveVersion = 1;
	classes = {
	};
	objectVersion = 48;
	objects = {

/* Begin PBXBuildFile section */
		0B721F062044A59E00F5BA7F /* 123Row.swift in Sources */ = {isa = PBXBuildFile; fileRef = 0B721F052044A59E00F5BA7F /* 123Row.swift */; };
		0B721F082044ACD300F5BA7F /* LastRow.swift in Sources */ = {isa = PBXBuildFile; fileRef = 0B721F072044ACD300F5BA7F /* LastRow.swift */; };
		0B961FFF20450FC000D9EEE5 /* NSFactorial.m in Sources */ = {isa = PBXBuildFile; fileRef = 0B961FFE20450FC000D9EEE5 /* NSFactorial.m */; };
		0BAC7A6620448DAC00C2103F /* AppDelegate.swift in Sources */ = {isa = PBXBuildFile; fileRef = 0BAC7A6520448DAC00C2103F /* AppDelegate.swift */; };
		0BAC7A6820448DAC00C2103F /* ViewController.swift in Sources */ = {isa = PBXBuildFile; fileRef = 0BAC7A6720448DAC00C2103F /* ViewController.swift */; };
		0BAC7A6B20448DAC00C2103F /* Main.storyboard in Resources */ = {isa = PBXBuildFile; fileRef = 0BAC7A6920448DAC00C2103F /* Main.storyboard */; };
		0BAC7A6D20448DAC00C2103F /* Assets.xcassets in Resources */ = {isa = PBXBuildFile; fileRef = 0BAC7A6C20448DAC00C2103F /* Assets.xcassets */; };
		0BAC7A7020448DAC00C2103F /* LaunchScreen.storyboard in Resources */ = {isa = PBXBuildFile; fileRef = 0BAC7A6E20448DAC00C2103F /* LaunchScreen.storyboard */; };
		0BAC7A7920448FB500C2103F /* TrigView.swift in Sources */ = {isa = PBXBuildFile; fileRef = 0BAC7A7820448FB500C2103F /* TrigView.swift */; };
		0BAC7A7B2044940500C2103F /* Extensions.swift in Sources */ = {isa = PBXBuildFile; fileRef = 0BAC7A7A2044940500C2103F /* Extensions.swift */; };
		0BAC7A7F2044987400C2103F /* LogView.swift in Sources */ = {isa = PBXBuildFile; fileRef = 0BAC7A7E2044987400C2103F /* LogView.swift */; };
		0BAC7A8120449AA900C2103F /* ExponentView.swift in Sources */ = {isa = PBXBuildFile; fileRef = 0BAC7A8020449AA900C2103F /* ExponentView.swift */; };
		0BAC7A8320449C3800C2103F /* ConstantsView.swift in Sources */ = {isa = PBXBuildFile; fileRef = 0BAC7A8220449C3800C2103F /* ConstantsView.swift */; };
		0BAC7A8620449DA000C2103F /* TopRowView.swift in Sources */ = {isa = PBXBuildFile; fileRef = 0BAC7A8520449DA000C2103F /* TopRowView.swift */; };
		0BAC7A8820449EA700C2103F /* 789Row.swift in Sources */ = {isa = PBXBuildFile; fileRef = 0BAC7A8720449EA700C2103F /* 789Row.swift */; };
		0BAC7A8A2044A44600C2103F /* 456Row.swift in Sources */ = {isa = PBXBuildFile; fileRef = 0BAC7A892044A44600C2103F /* 456Row.swift */; };
/* End PBXBuildFile section */

/* Begin PBXFileReference section */
		0B721F052044A59E00F5BA7F /* 123Row.swift */ = {isa = PBXFileReference; lastKnownFileType = sourcecode.swift; path = 123Row.swift; sourceTree = "<group>"; };
		0B721F072044ACD300F5BA7F /* LastRow.swift */ = {isa = PBXFileReference; lastKnownFileType = sourcecode.swift; path = LastRow.swift; sourceTree = "<group>"; };
		0B961FFC20450FC000D9EEE5 /* ScientificCalc-Bridging-Header.h */ = {isa = PBXFileReference; lastKnownFileType = sourcecode.c.h; path = "ScientificCalc-Bridging-Header.h"; sourceTree = "<group>"; };
		0B961FFD20450FC000D9EEE5 /* NSFactorial.h */ = {isa = PBXFileReference; lastKnownFileType = sourcecode.c.h; path = NSFactorial.h; sourceTree = "<group>"; };
		0B961FFE20450FC000D9EEE5 /* NSFactorial.m */ = {isa = PBXFileReference; lastKnownFileType = sourcecode.c.objc; path = NSFactorial.m; sourceTree = "<group>"; };
		0BAC7A6220448DAC00C2103F /* ScientificCalc.app */ = {isa = PBXFileReference; explicitFileType = wrapper.application; includeInIndex = 0; path = ScientificCalc.app; sourceTree = BUILT_PRODUCTS_DIR; };
		0BAC7A6520448DAC00C2103F /* AppDelegate.swift */ = {isa = PBXFileReference; lastKnownFileType = sourcecode.swift; path = AppDelegate.swift; sourceTree = "<group>"; };
		0BAC7A6720448DAC00C2103F /* ViewController.swift */ = {isa = PBXFileReference; lastKnownFileType = sourcecode.swift; path = ViewController.swift; sourceTree = "<group>"; };
		0BAC7A6A20448DAC00C2103F /* Base */ = {isa = PBXFileReference; lastKnownFileType = file.storyboard; name = Base; path = Base.lproj/Main.storyboard; sourceTree = "<group>"; };
		0BAC7A6C20448DAC00C2103F /* Assets.xcassets */ = {isa = PBXFileReference; lastKnownFileType = folder.assetcatalog; path = Assets.xcassets; sourceTree = "<group>"; };
		0BAC7A6F20448DAC00C2103F /* Base */ = {isa = PBXFileReference; lastKnownFileType = file.storyboard; name = Base; path = Base.lproj/LaunchScreen.storyboard; sourceTree = "<group>"; };
		0BAC7A7120448DAC00C2103F /* Info.plist */ = {isa = PBXFileReference; lastKnownFileType = text.plist.xml; path = Info.plist; sourceTree = "<group>"; };
		0BAC7A7820448FB500C2103F /* TrigView.swift */ = {isa = PBXFileReference; lastKnownFileType = sourcecode.swift; path = TrigView.swift; sourceTree = "<group>"; };
		0BAC7A7A2044940500C2103F /* Extensions.swift */ = {isa = PBXFileReference; lastKnownFileType = sourcecode.swift; path = Extensions.swift; sourceTree = "<group>"; };
		0BAC7A7E2044987400C2103F /* LogView.swift */ = {isa = PBXFileReference; lastKnownFileType = sourcecode.swift; path = LogView.swift; sourceTree = "<group>"; };
		0BAC7A8020449AA900C2103F /* ExponentView.swift */ = {isa = PBXFileReference; lastKnownFileType = sourcecode.swift; path = ExponentView.swift; sourceTree = "<group>"; };
		0BAC7A8220449C3800C2103F /* ConstantsView.swift */ = {isa = PBXFileReference; lastKnownFileType = sourcecode.swift; path = ConstantsView.swift; sourceTree = "<group>"; };
		0BAC7A8520449DA000C2103F /* TopRowView.swift */ = {isa = PBXFileReference; lastKnownFileType = sourcecode.swift; path = TopRowView.swift; sourceTree = "<group>"; };
		0BAC7A8720449EA700C2103F /* 789Row.swift */ = {isa = PBXFileReference; lastKnownFileType = sourcecode.swift; path = 789Row.swift; sourceTree = "<group>"; };
		0BAC7A892044A44600C2103F /* 456Row.swift */ = {isa = PBXFileReference; lastKnownFileType = sourcecode.swift; path = 456Row.swift; sourceTree = "<group>"; };
/* End PBXFileReference section */

/* Begin PBXFrameworksBuildPhase section */
		0BAC7A5F20448DAC00C2103F /* Frameworks */ = {
			isa = PBXFrameworksBuildPhase;
			buildActionMask = 2147483647;
			files = (
			);
			runOnlyForDeploymentPostprocessing = 0;
		};
/* End PBXFrameworksBuildPhase section */

/* Begin PBXGroup section */
		0B96200020450FC600D9EEE5 /* ObjectiveC */ = {
			isa = PBXGroup;
			children = (
				0B961FFD20450FC000D9EEE5 /* NSFactorial.h */,
				0B961FFE20450FC000D9EEE5 /* NSFactorial.m */,
			);
			path = ObjectiveC;
			sourceTree = "<group>";
		};
		0BAC7A5920448DAC00C2103F = {
			isa = PBXGroup;
			children = (
				0BAC7A6420448DAC00C2103F /* ScientificCalc */,
				0BAC7A6320448DAC00C2103F /* Products */,
			);
			sourceTree = "<group>";
		};
		0BAC7A6320448DAC00C2103F /* Products */ = {
			isa = PBXGroup;
			children = (
				0BAC7A6220448DAC00C2103F /* ScientificCalc.app */,
			);
			name = Products;
			sourceTree = "<group>";
		};
		0BAC7A6420448DAC00C2103F /* ScientificCalc */ = {
			isa = PBXGroup;
			children = (
				0B96200020450FC600D9EEE5 /* ObjectiveC */,
				0BAC7A8420449D8400C2103F /* NormalViews */,
				0BAC7A7720448DCC00C2103F /* ScientificViews */,
				0BAC7A6520448DAC00C2103F /* AppDelegate.swift */,
				0BAC7A6720448DAC00C2103F /* ViewController.swift */,
				0BAC7A6920448DAC00C2103F /* Main.storyboard */,
				0BAC7A6C20448DAC00C2103F /* Assets.xcassets */,
				0BAC7A6E20448DAC00C2103F /* LaunchScreen.storyboard */,
				0BAC7A7120448DAC00C2103F /* Info.plist */,
				0BAC7A7A2044940500C2103F /* Extensions.swift */,
				0B961FFC20450FC000D9EEE5 /* ScientificCalc-Bridging-Header.h */,
			);
			path = ScientificCalc;
			sourceTree = "<group>";
		};
		0BAC7A7720448DCC00C2103F /* ScientificViews */ = {
			isa = PBXGroup;
			children = (
				0BAC7A7820448FB500C2103F /* TrigView.swift */,
				0BAC7A7E2044987400C2103F /* LogView.swift */,
				0BAC7A8020449AA900C2103F /* ExponentView.swift */,
				0BAC7A8220449C3800C2103F /* ConstantsView.swift */,
			);
			path = ScientificViews;
			sourceTree = "<group>";
		};
		0BAC7A8420449D8400C2103F /* NormalViews */ = {
			isa = PBXGroup;
			children = (
				0BAC7A8520449DA000C2103F /* TopRowView.swift */,
				0BAC7A8720449EA700C2103F /* 789Row.swift */,
				0BAC7A892044A44600C2103F /* 456Row.swift */,
				0B721F052044A59E00F5BA7F /* 123Row.swift */,
				0B721F072044ACD300F5BA7F /* LastRow.swift */,
			);
			path = NormalViews;
			sourceTree = "<group>";
		};
/* End PBXGroup section */

/* Begin PBXNativeTarget section */
		0BAC7A6120448DAC00C2103F /* ScientificCalc */ = {
			isa = PBXNativeTarget;
			buildConfigurationList = 0BAC7A7420448DAC00C2103F /* Build configuration list for PBXNativeTarget "ScientificCalc" */;
			buildPhases = (
				0BAC7A5E20448DAC00C2103F /* Sources */,
				0BAC7A5F20448DAC00C2103F /* Frameworks */,
				0BAC7A6020448DAC00C2103F /* Resources */,
			);
			buildRules = (
			);
			dependencies = (
			);
			name = ScientificCalc;
			productName = ScientificCalc;
			productReference = 0BAC7A6220448DAC00C2103F /* ScientificCalc.app */;
			productType = "com.apple.product-type.application";
		};
/* End PBXNativeTarget section */

/* Begin PBXProject section */
		0BAC7A5A20448DAC00C2103F /* Project object */ = {
			isa = PBXProject;
			attributes = {
				LastSwiftUpdateCheck = 0920;
				LastUpgradeCheck = 0920;
				ORGANIZATIONNAME = andrewfoghel;
				TargetAttributes = {
					0BAC7A6120448DAC00C2103F = {
						CreatedOnToolsVersion = 9.2;
						LastSwiftMigration = 0920;
						ProvisioningStyle = Automatic;
					};
				};
			};
			buildConfigurationList = 0BAC7A5D20448DAC00C2103F /* Build configuration list for PBXProject "ScientificCalc" */;
			compatibilityVersion = "Xcode 8.0";
			developmentRegion = en;
			hasScannedForEncodings = 0;
			knownRegions = (
				en,
				Base,
			);
			mainGroup = 0BAC7A5920448DAC00C2103F;
			productRefGroup = 0BAC7A6320448DAC00C2103F /* Products */;
			projectDirPath = "";
			projectRoot = "";
			targets = (
				0BAC7A6120448DAC00C2103F /* ScientificCalc */,
			);
		};
/* End PBXProject section */

/* Begin PBXResourcesBuildPhase section */
		0BAC7A6020448DAC00C2103F /* Resources */ = {
			isa = PBXResourcesBuildPhase;
			buildActionMask = 2147483647;
			files = (
				0BAC7A7020448DAC00C2103F /* LaunchScreen.storyboard in Resources */,
				0BAC7A6D20448DAC00C2103F /* Assets.xcassets in Resources */,
				0BAC7A6B20448DAC00C2103F /* Main.storyboard in Resources */,
			);
			runOnlyForDeploymentPostprocessing = 0;
		};
/* End PBXResourcesBuildPhase section */

/* Begin PBXSourcesBuildPhase section */
		0BAC7A5E20448DAC00C2103F /* Sources */ = {
			isa = PBXSourcesBuildPhase;
			buildActionMask = 2147483647;
			files = (
				0BAC7A6820448DAC00C2103F /* ViewController.swift in Sources */,
				0BAC7A8120449AA900C2103F /* ExponentView.swift in Sources */,
				0B721F062044A59E00F5BA7F /* 123Row.swift in Sources */,
				0BAC7A8A2044A44600C2103F /* 456Row.swift in Sources */,
				0B961FFF20450FC000D9EEE5 /* NSFactorial.m in Sources */,
				0BAC7A6620448DAC00C2103F /* AppDelegate.swift in Sources */,
				0BAC7A7F2044987400C2103F /* LogView.swift in Sources */,
				0BAC7A7920448FB500C2103F /* TrigView.swift in Sources */,
				0BAC7A8820449EA700C2103F /* 789Row.swift in Sources */,
				0B721F082044ACD300F5BA7F /* LastRow.swift in Sources */,
				0BAC7A8620449DA000C2103F /* TopRowView.swift in Sources */,
				0BAC7A8320449C3800C2103F /* ConstantsView.swift in Sources */,
				0BAC7A7B2044940500C2103F /* Extensions.swift in Sources */,
			);
			runOnlyForDeploymentPostprocessing = 0;
		};
/* End PBXSourcesBuildPhase section */

/* Begin PBXVariantGroup section */
		0BAC7A6920448DAC00C2103F /* Main.storyboard */ = {
			isa = PBXVariantGroup;
			children = (
				0BAC7A6A20448DAC00C2103F /* Base */,
			);
			name = Main.storyboard;
			sourceTree = "<group>";
		};
		0BAC7A6E20448DAC00C2103F /* LaunchScreen.storyboard */ = {
			isa = PBXVariantGroup;
			children = (
				0BAC7A6F20448DAC00C2103F /* Base */,
			);
			name = LaunchScreen.storyboard;
			sourceTree = "<group>";
		};
/* End PBXVariantGroup section */

/* Begin XCBuildConfiguration section */
		0BAC7A7220448DAC00C2103F /* Debug */ = {
			isa = XCBuildConfiguration;
			buildSettings = {
				ALWAYS_SEARCH_USER_PATHS = NO;
				CLANG_ANALYZER_NONNULL = YES;
				CLANG_ANALYZER_NUMBER_OBJECT_CONVERSION = YES_AGGRESSIVE;
				CLANG_CXX_LANGUAGE_STANDARD = "gnu++14";
				CLANG_CXX_LIBRARY = "libc++";
				CLANG_ENABLE_MODULES = YES;
				CLANG_ENABLE_OBJC_ARC = YES;
				CLANG_WARN_BLOCK_CAPTURE_AUTORELEASING = YES;
				CLANG_WARN_BOOL_CONVERSION = YES;
				CLANG_WARN_COMMA = YES;
				CLANG_WARN_CONSTANT_CONVERSION = YES;
				CLANG_WARN_DIRECT_OBJC_ISA_USAGE = YES_ERROR;
				CLANG_WARN_DOCUMENTATION_COMMENTS = YES;
				CLANG_WARN_EMPTY_BODY = YES;
				CLANG_WARN_ENUM_CONVERSION = YES;
				CLANG_WARN_INFINITE_RECURSION = YES;
				CLANG_WARN_INT_CONVERSION = YES;
				CLANG_WARN_NON_LITERAL_NULL_CONVERSION = YES;
				CLANG_WARN_OBJC_LITERAL_CONVERSION = YES;
				CLANG_WARN_OBJC_ROOT_CLASS = YES_ERROR;
				CLANG_WARN_RANGE_LOOP_ANALYSIS = YES;
				CLANG_WARN_STRICT_PROTOTYPES = YES;
				CLANG_WARN_SUSPICIOUS_MOVE = YES;
				CLANG_WARN_UNGUARDED_AVAILABILITY = YES_AGGRESSIVE;
				CLANG_WARN_UNREACHABLE_CODE = YES;
				CLANG_WARN__DUPLICATE_METHOD_MATCH = YES;
				CODE_SIGN_IDENTITY = "iPhone Developer";
				COPY_PHASE_STRIP = NO;
				DEBUG_INFORMATION_FORMAT = dwarf;
				ENABLE_STRICT_OBJC_MSGSEND = YES;
				ENABLE_TESTABILITY = YES;
				GCC_C_LANGUAGE_STANDARD = gnu11;
				GCC_DYNAMIC_NO_PIC = NO;
				GCC_NO_COMMON_BLOCKS = YES;
				GCC_OPTIMIZATION_LEVEL = 0;
				GCC_PREPROCESSOR_DEFINITIONS = (
					"DEBUG=1",
					"$(inherited)",
				);
				GCC_WARN_64_TO_32_BIT_CONVERSION = YES;
				GCC_WARN_ABOUT_RETURN_TYPE = YES_ERROR;
				GCC_WARN_UNDECLARED_SELECTOR = YES;
				GCC_WARN_UNINITIALIZED_AUTOS = YES_AGGRESSIVE;
				GCC_WARN_UNUSED_FUNCTION = YES;
				GCC_WARN_UNUSED_VARIABLE = YES;
				IPHONEOS_DEPLOYMENT_TARGET = 11.2;
				MTL_ENABLE_DEBUG_INFO = YES;
				ONLY_ACTIVE_ARCH = YES;
				SDKROOT = iphoneos;
				SWIFT_ACTIVE_COMPILATION_CONDITIONS = DEBUG;
				SWIFT_OPTIMIZATION_LEVEL = "-Onone";
			};
			name = Debug;
		};
		0BAC7A7320448DAC00C2103F /* Release */ = {
			isa = XCBuildConfiguration;
			buildSettings = {
				ALWAYS_SEARCH_USER_PATHS = NO;
				CLANG_ANALYZER_NONNULL = YES;
				CLANG_ANALYZER_NUMBER_OBJECT_CONVERSION = YES_AGGRESSIVE;
				CLANG_CXX_LANGUAGE_STANDARD = "gnu++14";
				CLANG_CXX_LIBRARY = "libc++";
				CLANG_ENABLE_MODULES = YES;
				CLANG_ENABLE_OBJC_ARC = YES;
				CLANG_WARN_BLOCK_CAPTURE_AUTORELEASING = YES;
				CLANG_WARN_BOOL_CONVERSION = YES;
				CLANG_WARN_COMMA = YES;
				CLANG_WARN_CONSTANT_CONVERSION = YES;
				CLANG_WARN_DIRECT_OBJC_ISA_USAGE = YES_ERROR;
				CLANG_WARN_DOCUMENTATION_COMMENTS = YES;
				CLANG_WARN_EMPTY_BODY = YES;
				CLANG_WARN_ENUM_CONVERSION = YES;
				CLANG_WARN_INFINITE_RECURSION = YES;
				CLANG_WARN_INT_CONVERSION = YES;
				CLANG_WARN_NON_LITERAL_NULL_CONVERSION = YES;
				CLANG_WARN_OBJC_LITERAL_CONVERSION = YES;
				CLANG_WARN_OBJC_ROOT_CLASS = YES_ERROR;
				CLANG_WARN_RANGE_LOOP_ANALYSIS = YES;
				CLANG_WARN_STRICT_PROTOTYPES = YES;
				CLANG_WARN_SUSPICIOUS_MOVE = YES;
				CLANG_WARN_UNGUARDED_AVAILABILITY = YES_AGGRESSIVE;
				CLANG_WARN_UNREACHABLE_CODE = YES;
				CLANG_WARN__DUPLICATE_METHOD_MATCH = YES;
				CODE_SIGN_IDENTITY = "iPhone Developer";
				COPY_PHASE_STRIP = NO;
				DEBUG_INFORMATION_FORMAT = "dwarf-with-dsym";
				ENABLE_NS_ASSERTIONS = NO;
				ENABLE_STRICT_OBJC_MSGSEND = YES;
				GCC_C_LANGUAGE_STANDARD = gnu11;
				GCC_NO_COMMON_BLOCKS = YES;
				GCC_WARN_64_TO_32_BIT_CONVERSION = YES;
				GCC_WARN_ABOUT_RETURN_TYPE = YES_ERROR;
				GCC_WARN_UNDECLARED_SELECTOR = YES;
				GCC_WARN_UNINITIALIZED_AUTOS = YES_AGGRESSIVE;
				GCC_WARN_UNUSED_FUNCTION = YES;
				GCC_WARN_UNUSED_VARIABLE = YES;
				IPHONEOS_DEPLOYMENT_TARGET = 11.2;
				MTL_ENABLE_DEBUG_INFO = NO;
				SDKROOT = iphoneos;
				SWIFT_OPTIMIZATION_LEVEL = "-Owholemodule";
				VALIDATE_PRODUCT = YES;
			};
			name = Release;
		};
		0BAC7A7520448DAC00C2103F /* Debug */ = {
			isa = XCBuildConfiguration;
			buildSettings = {
				ASSETCATALOG_COMPILER_APPICON_NAME = AppIcon;
				CLANG_ENABLE_MODULES = YES;
				CODE_SIGN_STYLE = Automatic;
				DEVELOPMENT_TEAM = 3G982QU8UL;
				INFOPLIST_FILE = ScientificCalc/Info.plist;
				LD_RUNPATH_SEARCH_PATHS = "$(inherited) @executable_path/Frameworks";
				PRODUCT_BUNDLE_IDENTIFIER = andrewfoghel.ScientificCalc;
				PRODUCT_NAME = "$(TARGET_NAME)";
				SWIFT_OBJC_BRIDGING_HEADER = "ScientificCalc/ScientificCalc-Bridging-Header.h";
				SWIFT_OPTIMIZATION_LEVEL = "-Onone";
				SWIFT_VERSION = 4.0;
				TARGETED_DEVICE_FAMILY = 1;
			};
			name = Debug;
		};
		0BAC7A7620448DAC00C2103F /* Release */ = {
			isa = XCBuildConfiguration;
			buildSettings = {
				ASSETCATALOG_COMPILER_APPICON_NAME = AppIcon;
				CLANG_ENABLE_MODULES = YES;
				CODE_SIGN_STYLE = Automatic;
				DEVELOPMENT_TEAM = 3G982QU8UL;
				INFOPLIST_FILE = ScientificCalc/Info.plist;
				LD_RUNPATH_SEARCH_PATHS = "$(inherited) @executable_path/Frameworks";
				PRODUCT_BUNDLE_IDENTIFIER = andrewfoghel.ScientificCalc;
				PRODUCT_NAME = "$(TARGET_NAME)";
				SWIFT_OBJC_BRIDGING_HEADER = "ScientificCalc/ScientificCalc-Bridging-Header.h";
				SWIFT_VERSION = 4.0;
				TARGETED_DEVICE_FAMILY = 1;
			};
			name = Release;
		};
/* End XCBuildConfiguration section */

/* Begin XCConfigurationList section */
		0BAC7A5D20448DAC00C2103F /* Build configuration list for PBXProject "ScientificCalc" */ = {
			isa = XCConfigurationList;
			buildConfigurations = (
				0BAC7A7220448DAC00C2103F /* Debug */,
				0BAC7A7320448DAC00C2103F /* Release */,
			);
			defaultConfigurationIsVisible = 0;
			defaultConfigurationName = Release;
		};
		0BAC7A7420448DAC00C2103F /* Build configuration list for PBXNativeTarget "ScientificCalc" */ = {
			isa = XCConfigurationList;
			buildConfigurations = (
				0BAC7A7520448DAC00C2103F /* Debug */,
				0BAC7A7620448DAC00C2103F /* Release */,
			);
			defaultConfigurationIsVisible = 0;
			defaultConfigurationName = Release;
		};
/* End XCConfigurationList section */
	};
	rootObject = 0BAC7A5A20448DAC00C2103F /* Project object */;
}
